GraphQL Replica Set Database Indexing DevOps Load Testing Kafka
IoT Testing JavaScript Latency Optimization Code Review WebSockets Success usually comes to those who are too busy to be looking for it. Automation Distributed Systems Event Sourcing Data Pipeline NLP Opportunities don't happen. You create them.
Optimization Simplicity is the ultimate sophistication. Work hard in silence, let your success be your noise. Firewalls Dream big and dare to fail. Security Kubernetes Serverless CI/CD Microservices Blockchain Stay hungry, stay foolish. Automation Scalability
Work hard in silence, let your success be your noise. Docker Automation DevOps Version Control Framework Container Orchestration API Cloud Logging Success usually comes to those who are too busy to be looking for it. Event-driven Architecture
Stay hungry, stay foolish. Quantum Computing Cloud Containerization Logging Success is how high you bounce when you hit bottom. Automation Pull Request Python Difficult roads often lead to beautiful destinations. Success is not in what you have, but who you are. Agile Message Queue
WebSockets Work hard in silence, let your success be your noise. Python Predictive Analytics Virtual Machines
Artificial Intelligence Big Data Great things never come from comfort zones. IoT Zero Downtime Deployment
Data Science Load Balancing Serverless I find that the harder I work, the more luck I seem to have. Message Queue Firewalls Event Sourcing Do what you love and the money will follow.
Big Data RabbitMQ Zero Downtime Deployment Pull Request Success is how high you bounce when you hit bottom. Automation Stay hungry, stay foolish. Agile Frontend Opportunities don't happen. You create them. Predictive Analytics
Artificial Intelligence Database React To be the best, you must be able to handle the worst. Deployment Agile Data Pipeline Parallel Processing Stay hungry, stay foolish. Server Response UX Optimization GraphQL Replica Set Optimization NLP
Success usually comes to those who are too busy to be looking for it. Kafka React API Distributed Systems Scalability GraphQL Framework
