GraphQL Replica Set Database Indexing DevOps Load Testing Kafka
IoT Testing JavaScript Latency Optimization Code Review WebSockets Success usually comes to those who are too busy to be looking for it. Automation Distributed Systems Event Sourcing Data Pipeline NLP Opportunities don't happen. You create them.
Optimization Simplicity is the ultimate sophistication. Work hard in silence, let your success be your noise. Firewalls Dream big and dare to fail. Security Kubernetes Serverless CI/CD Microservices Blockchain Stay hungry, stay foolish. Automation Scalability
