GraphQL Replica Set Database Indexing DevOps Load Testing Kafka
IoT Testing JavaScript Latency Optimization Code Review WebSockets Success usually comes to those who are too busy to be looking for it. Automation Distributed Systems Event Sourcing Data Pipeline NLP Opportunities don't happen. You create them.
